
Microsoft Visual Studio Solution File, Format Version 12.00
# Visual Studio Version 17
VisualStudioVersion = 17.9.34728.123
MinimumVisualStudioVersion = 10.0.40219.1
Project("{2150E333-8FDC-42A3-9474-1A3956D46DE8}") = "examples", "examples", "{EF1DEC14-F967-455B-8D89-66769479CE49}"
EndProject
Project("{2150E333-8FDC-42A3-9474-1A3956D46DE8}") = "channels", "channels", "{22D1391D-7552-44D1-AF2E-D290F491D7CF}"
EndProject
Project("{8BC9CEB8-8B4A-11D0-8D11-00A0C91BC942}") = "mutual_exclusion_1", "mutual_exclusion_1\mutual_exclusion_1.vcxproj", "{7FBF52B4-7D7D-443D-B437-D55912E1607A}"
EndProject
Project("{8BC9CEB8-8B4A-11D0-8D11-00A0C91BC942}") = "mutual_exclusion_2", "mutual_exclusion_2\mutual_exclusion_2.vcxproj", "{8381F1CD-DFA7-454F-A6A7-A523D487F4AE}"
EndProject
Project("{8BC9CEB8-8B4A-11D0-8D11-00A0C91BC942}") = "throttling_proxy", "throttling_proxy\throttling_proxy.vcxproj", "{4FAFC9AC-CA64-4541-9B0B-75C550EE2386}"
EndProject
Project("{2150E333-8FDC-42A3-9474-1A3956D46DE8}") = "coroutines", "coroutines", "{4DD09DD9-4C7E-4256-9882-8F1C30D13C44}"
EndProject
Project("{8BC9CEB8-8B4A-11D0-8D11-00A0C91BC942}") = "chat_server", "chat_server\chat_server.vcxproj", "{44831DF8-62AC-4DBC-B321-20CC50AB77B4}"
EndProject
Project("{8BC9CEB8-8B4A-11D0-8D11-00A0C91BC942}") = "echo_server", "echo_server\echo_server.vcxproj", "{2B6F55EB-F548-49E0-A614-778EB3927566}"
EndProject
Project("{8BC9CEB8-8B4A-11D0-8D11-00A0C91BC942}") = "echo_server_with_as_single_default", "echo_server_with_as_single_default\echo_server_with_as_single_default.vcxproj", "{D21AEA1B-2BEB-4B05-90F5-8688A41899DB}"
EndProject
Project("{8BC9CEB8-8B4A-11D0-8D11-00A0C91BC942}") = "echo_server_with_as_tuple_default", "echo_server_with_as_tuple_default\echo_server_with_as_tuple_default.vcxproj", "{803AAA89-AD13-4710-B019-91CEC91EE41F}"
EndProject
Project("{8BC9CEB8-8B4A-11D0-8D11-00A0C91BC942}") = "echo_server_with_default", "echo_server_with_default\echo_server_with_default.vcxproj", "{B4193747-8DFE-4D7E-91D3-84B4C07D5F62}"
EndProject
Project("{8BC9CEB8-8B4A-11D0-8D11-00A0C91BC942}") = "echo_server_with_deferred", "echo_server_with_deferred\echo_server_with_deferred.vcxproj", "{B7426C0D-1617-4FB0-9F7E-B634B76A9CE1}"
EndProject
Project("{8BC9CEB8-8B4A-11D0-8D11-00A0C91BC942}") = "echo_server_with_deferred_default", "echo_server_with_deferred_default\echo_server_with_deferred_default.vcxproj", "{DD9EE336-3F8B-4881-9796-0238533D194E}"
EndProject
Project("{8BC9CEB8-8B4A-11D0-8D11-00A0C91BC942}") = "refactored_echo_server", "refactored_echo_server\refactored_echo_server.vcxproj", "{D2361555-5496-434C-9FF2-F05392C52A47}"
EndProject
Project("{8BC9CEB8-8B4A-11D0-8D11-00A0C91BC942}") = "timeout", "timeout\timeout.vcxproj", "{69680008-39FA-4A6F-A590-77205EF3013D}"
EndProject
Project("{2150E333-8FDC-42A3-9474-1A3956D46DE8}") = "invocation", "invocation", "{53DCD45B-73AB-4D10-8E2F-6DD0F258045B}"
EndProject
Project("{8BC9CEB8-8B4A-11D0-8D11-00A0C91BC942}") = "completion_executor", "completion_executor\completion_executor.vcxproj", "{419CCE1C-A9D6-4F90-A396-E426B899BABA}"
EndProject
Project("{2150E333-8FDC-42A3-9474-1A3956D46DE8}") = "operations", "operations", "{AE9F8886-A06F-4381-B326-DD020D43389D}"
EndProject
Project("{8BC9CEB8-8B4A-11D0-8D11-00A0C91BC942}") = "c_callback_wrapper", "c_callback_wrapper\c_callback_wrapper.vcxproj", "{87A5039C-92C4-4E2F-B5A8-BE0478A00FF4}"
EndProject
Project("{8BC9CEB8-8B4A-11D0-8D11-00A0C91BC942}") = "callback_wrapper", "callback_wrapper\callback_wrapper.vcxproj", "{1A9DDE4B-D281-420C-AE49-061543B81A45}"
EndProject
Project("{8BC9CEB8-8B4A-11D0-8D11-00A0C91BC942}") = "composed_1", "composed_1\composed_1.vcxproj", "{DB1CC5E6-9E03-4931-84BF-B57CEC8F382A}"
EndProject
Project("{2150E333-8FDC-42A3-9474-1A3956D46DE8}") = "echo", "echo", "{13ADF8B6-E035-4203-9131-B89F4F7860A1}"
EndProject
Project("{8BC9CEB8-8B4A-11D0-8D11-00A0C91BC942}") = "async_tcp_echo_server", "async_tcp_echo_server\async_tcp_echo_server.vcxproj", "{1C157E81-8360-4AE6-B7DF-4E11D367F503}"
EndProject
Project("{8BC9CEB8-8B4A-11D0-8D11-00A0C91BC942}") = "async_udp_echo_server", "async_udp_echo_server\async_udp_echo_server.vcxproj", "{9DBDB1DE-A630-4E40-BB91-FA82D2879F55}"
EndProject
Project("{8BC9CEB8-8B4A-11D0-8D11-00A0C91BC942}") = "blocking_tcp_echo_server", "blocking_tcp_echo_server\blocking_tcp_echo_server.vcxproj", "{90068FA2-77BD-4153-8AAF-4B406215A8C2}"
EndProject
Project("{8BC9CEB8-8B4A-11D0-8D11-00A0C91BC942}") = "blocking_tcp_echo_client", "blocking_tcp_echo_client\blocking_tcp_echo_client.vcxproj", "{62EB2D77-B858-4EDF-9854-D210E0E0E9A7}"
EndProject
Project("{2150E333-8FDC-42A3-9474-1A3956D46DE8}") = "cpp11", "cpp11", "{DF36494D-91E3-477F-B355-ECA2068721FB}"
EndProject
Project("{2150E333-8FDC-42A3-9474-1A3956D46DE8}") = "chat", "chat", "{39FBC2C0-D18A-405F-B99A-C49480EE92C2}"
EndProject
Project("{8BC9CEB8-8B4A-11D0-8D11-00A0C91BC942}") = "chat_client", "cpp11\chat_client\chat_client.vcxproj", "{21D9117D-38F3-4C01-9CFE-CD06B337D9CD}"
EndProject
Project("{8BC9CEB8-8B4A-11D0-8D11-00A0C91BC942}") = "chat_server", "cpp11\chat_server\chat_server.vcxproj", "{30AF546C-28CB-4B07-A9C6-CCB08BE09258}"
EndProject
Global
	GlobalSection(SolutionConfigurationPlatforms) = preSolution
		Debug|x64 = Debug|x64
		Debug|x86 = Debug|x86
		Release|x64 = Release|x64
		Release|x86 = Release|x86
	EndGlobalSection
	GlobalSection(ProjectConfigurationPlatforms) = postSolution
		{7FBF52B4-7D7D-443D-B437-D55912E1607A}.Debug|x64.ActiveCfg = Debug|x64
		{7FBF52B4-7D7D-443D-B437-D55912E1607A}.Debug|x64.Build.0 = Debug|x64
		{7FBF52B4-7D7D-443D-B437-D55912E1607A}.Debug|x86.ActiveCfg = Debug|Win32
		{7FBF52B4-7D7D-443D-B437-D55912E1607A}.Debug|x86.Build.0 = Debug|Win32
		{7FBF52B4-7D7D-443D-B437-D55912E1607A}.Release|x64.ActiveCfg = Release|x64
		{7FBF52B4-7D7D-443D-B437-D55912E1607A}.Release|x64.Build.0 = Release|x64
		{7FBF52B4-7D7D-443D-B437-D55912E1607A}.Release|x86.ActiveCfg = Release|Win32
		{7FBF52B4-7D7D-443D-B437-D55912E1607A}.Release|x86.Build.0 = Release|Win32
		{8381F1CD-DFA7-454F-A6A7-A523D487F4AE}.Debug|x64.ActiveCfg = Debug|x64
		{8381F1CD-DFA7-454F-A6A7-A523D487F4AE}.Debug|x64.Build.0 = Debug|x64
		{8381F1CD-DFA7-454F-A6A7-A523D487F4AE}.Debug|x86.ActiveCfg = Debug|Win32
		{8381F1CD-DFA7-454F-A6A7-A523D487F4AE}.Debug|x86.Build.0 = Debug|Win32
		{8381F1CD-DFA7-454F-A6A7-A523D487F4AE}.Release|x64.ActiveCfg = Release|x64
		{8381F1CD-DFA7-454F-A6A7-A523D487F4AE}.Release|x64.Build.0 = Release|x64
		{8381F1CD-DFA7-454F-A6A7-A523D487F4AE}.Release|x86.ActiveCfg = Release|Win32
		{8381F1CD-DFA7-454F-A6A7-A523D487F4AE}.Release|x86.Build.0 = Release|Win32
		{4FAFC9AC-CA64-4541-9B0B-75C550EE2386}.Debug|x64.ActiveCfg = Debug|x64
		{4FAFC9AC-CA64-4541-9B0B-75C550EE2386}.Debug|x64.Build.0 = Debug|x64
		{4FAFC9AC-CA64-4541-9B0B-75C550EE2386}.Debug|x86.ActiveCfg = Debug|Win32
		{4FAFC9AC-CA64-4541-9B0B-75C550EE2386}.Debug|x86.Build.0 = Debug|Win32
		{4FAFC9AC-CA64-4541-9B0B-75C550EE2386}.Release|x64.ActiveCfg = Release|x64
		{4FAFC9AC-CA64-4541-9B0B-75C550EE2386}.Release|x64.Build.0 = Release|x64
		{4FAFC9AC-CA64-4541-9B0B-75C550EE2386}.Release|x86.ActiveCfg = Release|Win32
		{4FAFC9AC-CA64-4541-9B0B-75C550EE2386}.Release|x86.Build.0 = Release|Win32
		{44831DF8-62AC-4DBC-B321-20CC50AB77B4}.Debug|x64.ActiveCfg = Debug|x64
		{44831DF8-62AC-4DBC-B321-20CC50AB77B4}.Debug|x64.Build.0 = Debug|x64
		{44831DF8-62AC-4DBC-B321-20CC50AB77B4}.Debug|x86.ActiveCfg = Debug|Win32
		{44831DF8-62AC-4DBC-B321-20CC50AB77B4}.Debug|x86.Build.0 = Debug|Win32
		{44831DF8-62AC-4DBC-B321-20CC50AB77B4}.Release|x64.ActiveCfg = Release|x64
		{44831DF8-62AC-4DBC-B321-20CC50AB77B4}.Release|x64.Build.0 = Release|x64
		{44831DF8-62AC-4DBC-B321-20CC50AB77B4}.Release|x86.ActiveCfg = Release|Win32
		{44831DF8-62AC-4DBC-B321-20CC50AB77B4}.Release|x86.Build.0 = Release|Win32
		{2B6F55EB-F548-49E0-A614-778EB3927566}.Debug|x64.ActiveCfg = Debug|x64
		{2B6F55EB-F548-49E0-A614-778EB3927566}.Debug|x64.Build.0 = Debug|x64
		{2B6F55EB-F548-49E0-A614-778EB3927566}.Debug|x86.ActiveCfg = Debug|Win32
		{2B6F55EB-F548-49E0-A614-778EB3927566}.Debug|x86.Build.0 = Debug|Win32
		{2B6F55EB-F548-49E0-A614-778EB3927566}.Release|x64.ActiveCfg = Release|x64
		{2B6F55EB-F548-49E0-A614-778EB3927566}.Release|x64.Build.0 = Release|x64
		{2B6F55EB-F548-49E0-A614-778EB3927566}.Release|x86.ActiveCfg = Release|Win32
		{2B6F55EB-F548-49E0-A614-778EB3927566}.Release|x86.Build.0 = Release|Win32
		{D21AEA1B-2BEB-4B05-90F5-8688A41899DB}.Debug|x64.ActiveCfg = Debug|x64
		{D21AEA1B-2BEB-4B05-90F5-8688A41899DB}.Debug|x64.Build.0 = Debug|x64
		{D21AEA1B-2BEB-4B05-90F5-8688A41899DB}.Debug|x86.ActiveCfg = Debug|Win32
		{D21AEA1B-2BEB-4B05-90F5-8688A41899DB}.Debug|x86.Build.0 = Debug|Win32
		{D21AEA1B-2BEB-4B05-90F5-8688A41899DB}.Release|x64.ActiveCfg = Release|x64
		{D21AEA1B-2BEB-4B05-90F5-8688A41899DB}.Release|x64.Build.0 = Release|x64
		{D21AEA1B-2BEB-4B05-90F5-8688A41899DB}.Release|x86.ActiveCfg = Release|Win32
		{D21AEA1B-2BEB-4B05-90F5-8688A41899DB}.Release|x86.Build.0 = Release|Win32
		{803AAA89-AD13-4710-B019-91CEC91EE41F}.Debug|x64.ActiveCfg = Debug|x64
		{803AAA89-AD13-4710-B019-91CEC91EE41F}.Debug|x64.Build.0 = Debug|x64
		{803AAA89-AD13-4710-B019-91CEC91EE41F}.Debug|x86.ActiveCfg = Debug|Win32
		{803AAA89-AD13-4710-B019-91CEC91EE41F}.Debug|x86.Build.0 = Debug|Win32
		{803AAA89-AD13-4710-B019-91CEC91EE41F}.Release|x64.ActiveCfg = Release|x64
		{803AAA89-AD13-4710-B019-91CEC91EE41F}.Release|x64.Build.0 = Release|x64
		{803AAA89-AD13-4710-B019-91CEC91EE41F}.Release|x86.ActiveCfg = Release|Win32
		{803AAA89-AD13-4710-B019-91CEC91EE41F}.Release|x86.Build.0 = Release|Win32
		{B4193747-8DFE-4D7E-91D3-84B4C07D5F62}.Debug|x64.ActiveCfg = Debug|x64
		{B4193747-8DFE-4D7E-91D3-84B4C07D5F62}.Debug|x64.Build.0 = Debug|x64
		{B4193747-8DFE-4D7E-91D3-84B4C07D5F62}.Debug|x86.ActiveCfg = Debug|Win32
		{B4193747-8DFE-4D7E-91D3-84B4C07D5F62}.Debug|x86.Build.0 = Debug|Win32
		{B4193747-8DFE-4D7E-91D3-84B4C07D5F62}.Release|x64.ActiveCfg = Release|x64
		{B4193747-8DFE-4D7E-91D3-84B4C07D5F62}.Release|x64.Build.0 = Release|x64
		{B4193747-8DFE-4D7E-91D3-84B4C07D5F62}.Release|x86.ActiveCfg = Release|Win32
		{B4193747-8DFE-4D7E-91D3-84B4C07D5F62}.Release|x86.Build.0 = Release|Win32
		{B7426C0D-1617-4FB0-9F7E-B634B76A9CE1}.Debug|x64.ActiveCfg = Debug|x64
		{B7426C0D-1617-4FB0-9F7E-B634B76A9CE1}.Debug|x64.Build.0 = Debug|x64
		{B7426C0D-1617-4FB0-9F7E-B634B76A9CE1}.Debug|x86.ActiveCfg = Debug|Win32
		{B7426C0D-1617-4FB0-9F7E-B634B76A9CE1}.Debug|x86.Build.0 = Debug|Win32
		{B7426C0D-1617-4FB0-9F7E-B634B76A9CE1}.Release|x64.ActiveCfg = Release|x64
		{B7426C0D-1617-4FB0-9F7E-B634B76A9CE1}.Release|x64.Build.0 = Release|x64
		{B7426C0D-1617-4FB0-9F7E-B634B76A9CE1}.Release|x86.ActiveCfg = Release|Win32
		{B7426C0D-1617-4FB0-9F7E-B634B76A9CE1}.Release|x86.Build.0 = Release|Win32
		{DD9EE336-3F8B-4881-9796-0238533D194E}.Debug|x64.ActiveCfg = Debug|x64
		{DD9EE336-3F8B-4881-9796-0238533D194E}.Debug|x64.Build.0 = Debug|x64
		{DD9EE336-3F8B-4881-9796-0238533D194E}.Debug|x86.ActiveCfg = Debug|Win32
		{DD9EE336-3F8B-4881-9796-0238533D194E}.Debug|x86.Build.0 = Debug|Win32
		{DD9EE336-3F8B-4881-9796-0238533D194E}.Release|x64.ActiveCfg = Release|x64
		{DD9EE336-3F8B-4881-9796-0238533D194E}.Release|x64.Build.0 = Release|x64
		{DD9EE336-3F8B-4881-9796-0238533D194E}.Release|x86.ActiveCfg = Release|Win32
		{DD9EE336-3F8B-4881-9796-0238533D194E}.Release|x86.Build.0 = Release|Win32
		{D2361555-5496-434C-9FF2-F05392C52A47}.Debug|x64.ActiveCfg = Debug|x64
		{D2361555-5496-434C-9FF2-F05392C52A47}.Debug|x64.Build.0 = Debug|x64
		{D2361555-5496-434C-9FF2-F05392C52A47}.Debug|x86.ActiveCfg = Debug|Win32
		{D2361555-5496-434C-9FF2-F05392C52A47}.Debug|x86.Build.0 = Debug|Win32
		{D2361555-5496-434C-9FF2-F05392C52A47}.Release|x64.ActiveCfg = Release|x64
		{D2361555-5496-434C-9FF2-F05392C52A47}.Release|x64.Build.0 = Release|x64
		{D2361555-5496-434C-9FF2-F05392C52A47}.Release|x86.ActiveCfg = Release|Win32
		{D2361555-5496-434C-9FF2-F05392C52A47}.Release|x86.Build.0 = Release|Win32
		{69680008-39FA-4A6F-A590-77205EF3013D}.Debug|x64.ActiveCfg = Debug|x64
		{69680008-39FA-4A6F-A590-77205EF3013D}.Debug|x64.Build.0 = Debug|x64
		{69680008-39FA-4A6F-A590-77205EF3013D}.Debug|x86.ActiveCfg = Debug|Win32
		{69680008-39FA-4A6F-A590-77205EF3013D}.Debug|x86.Build.0 = Debug|Win32
		{69680008-39FA-4A6F-A590-77205EF3013D}.Release|x64.ActiveCfg = Release|x64
		{69680008-39FA-4A6F-A590-77205EF3013D}.Release|x64.Build.0 = Release|x64
		{69680008-39FA-4A6F-A590-77205EF3013D}.Release|x86.ActiveCfg = Release|Win32
		{69680008-39FA-4A6F-A590-77205EF3013D}.Release|x86.Build.0 = Release|Win32
		{419CCE1C-A9D6-4F90-A396-E426B899BABA}.Debug|x64.ActiveCfg = Debug|x64
		{419CCE1C-A9D6-4F90-A396-E426B899BABA}.Debug|x64.Build.0 = Debug|x64
		{419CCE1C-A9D6-4F90-A396-E426B899BABA}.Debug|x86.ActiveCfg = Debug|Win32
		{419CCE1C-A9D6-4F90-A396-E426B899BABA}.Debug|x86.Build.0 = Debug|Win32
		{419CCE1C-A9D6-4F90-A396-E426B899BABA}.Release|x64.ActiveCfg = Release|x64
		{419CCE1C-A9D6-4F90-A396-E426B899BABA}.Release|x64.Build.0 = Release|x64
		{419CCE1C-A9D6-4F90-A396-E426B899BABA}.Release|x86.ActiveCfg = Release|Win32
		{419CCE1C-A9D6-4F90-A396-E426B899BABA}.Release|x86.Build.0 = Release|Win32
		{87A5039C-92C4-4E2F-B5A8-BE0478A00FF4}.Debug|x64.ActiveCfg = Debug|x64
		{87A5039C-92C4-4E2F-B5A8-BE0478A00FF4}.Debug|x64.Build.0 = Debug|x64
		{87A5039C-92C4-4E2F-B5A8-BE0478A00FF4}.Debug|x86.ActiveCfg = Debug|Win32
		{87A5039C-92C4-4E2F-B5A8-BE0478A00FF4}.Debug|x86.Build.0 = Debug|Win32
		{87A5039C-92C4-4E2F-B5A8-BE0478A00FF4}.Release|x64.ActiveCfg = Release|x64
		{87A5039C-92C4-4E2F-B5A8-BE0478A00FF4}.Release|x64.Build.0 = Release|x64
		{87A5039C-92C4-4E2F-B5A8-BE0478A00FF4}.Release|x86.ActiveCfg = Release|Win32
		{87A5039C-92C4-4E2F-B5A8-BE0478A00FF4}.Release|x86.Build.0 = Release|Win32
		{1A9DDE4B-D281-420C-AE49-061543B81A45}.Debug|x64.ActiveCfg = Debug|x64
		{1A9DDE4B-D281-420C-AE49-061543B81A45}.Debug|x64.Build.0 = Debug|x64
		{1A9DDE4B-D281-420C-AE49-061543B81A45}.Debug|x86.ActiveCfg = Debug|Win32
		{1A9DDE4B-D281-420C-AE49-061543B81A45}.Debug|x86.Build.0 = Debug|Win32
		{1A9DDE4B-D281-420C-AE49-061543B81A45}.Release|x64.ActiveCfg = Release|x64
		{1A9DDE4B-D281-420C-AE49-061543B81A45}.Release|x64.Build.0 = Release|x64
		{1A9DDE4B-D281-420C-AE49-061543B81A45}.Release|x86.ActiveCfg = Release|Win32
		{1A9DDE4B-D281-420C-AE49-061543B81A45}.Release|x86.Build.0 = Release|Win32
		{DB1CC5E6-9E03-4931-84BF-B57CEC8F382A}.Debug|x64.ActiveCfg = Debug|x64
		{DB1CC5E6-9E03-4931-84BF-B57CEC8F382A}.Debug|x64.Build.0 = Debug|x64
		{DB1CC5E6-9E03-4931-84BF-B57CEC8F382A}.Debug|x86.ActiveCfg = Debug|Win32
		{DB1CC5E6-9E03-4931-84BF-B57CEC8F382A}.Debug|x86.Build.0 = Debug|Win32
		{DB1CC5E6-9E03-4931-84BF-B57CEC8F382A}.Release|x64.ActiveCfg = Release|x64
		{DB1CC5E6-9E03-4931-84BF-B57CEC8F382A}.Release|x64.Build.0 = Release|x64
		{DB1CC5E6-9E03-4931-84BF-B57CEC8F382A}.Release|x86.ActiveCfg = Release|Win32
		{DB1CC5E6-9E03-4931-84BF-B57CEC8F382A}.Release|x86.Build.0 = Release|Win32
		{1C157E81-8360-4AE6-B7DF-4E11D367F503}.Debug|x64.ActiveCfg = Debug|x64
		{1C157E81-8360-4AE6-B7DF-4E11D367F503}.Debug|x64.Build.0 = Debug|x64
		{1C157E81-8360-4AE6-B7DF-4E11D367F503}.Debug|x86.ActiveCfg = Debug|Win32
		{1C157E81-8360-4AE6-B7DF-4E11D367F503}.Debug|x86.Build.0 = Debug|Win32
		{1C157E81-8360-4AE6-B7DF-4E11D367F503}.Release|x64.ActiveCfg = Release|x64
		{1C157E81-8360-4AE6-B7DF-4E11D367F503}.Release|x64.Build.0 = Release|x64
		{1C157E81-8360-4AE6-B7DF-4E11D367F503}.Release|x86.ActiveCfg = Release|Win32
		{1C157E81-8360-4AE6-B7DF-4E11D367F503}.Release|x86.Build.0 = Release|Win32
		{9DBDB1DE-A630-4E40-BB91-FA82D2879F55}.Debug|x64.ActiveCfg = Debug|x64
		{9DBDB1DE-A630-4E40-BB91-FA82D2879F55}.Debug|x64.Build.0 = Debug|x64
		{9DBDB1DE-A630-4E40-BB91-FA82D2879F55}.Debug|x86.ActiveCfg = Debug|Win32
		{9DBDB1DE-A630-4E40-BB91-FA82D2879F55}.Debug|x86.Build.0 = Debug|Win32
		{9DBDB1DE-A630-4E40-BB91-FA82D2879F55}.Release|x64.ActiveCfg = Release|x64
		{9DBDB1DE-A630-4E40-BB91-FA82D2879F55}.Release|x64.Build.0 = Release|x64
		{9DBDB1DE-A630-4E40-BB91-FA82D2879F55}.Release|x86.ActiveCfg = Release|Win32
		{9DBDB1DE-A630-4E40-BB91-FA82D2879F55}.Release|x86.Build.0 = Release|Win32
		{90068FA2-77BD-4153-8AAF-4B406215A8C2}.Debug|x64.ActiveCfg = Debug|x64
		{90068FA2-77BD-4153-8AAF-4B406215A8C2}.Debug|x64.Build.0 = Debug|x64
		{90068FA2-77BD-4153-8AAF-4B406215A8C2}.Debug|x86.ActiveCfg = Debug|Win32
		{90068FA2-77BD-4153-8AAF-4B406215A8C2}.Debug|x86.Build.0 = Debug|Win32
		{90068FA2-77BD-4153-8AAF-4B406215A8C2}.Release|x64.ActiveCfg = Release|x64
		{90068FA2-77BD-4153-8AAF-4B406215A8C2}.Release|x64.Build.0 = Release|x64
		{90068FA2-77BD-4153-8AAF-4B406215A8C2}.Release|x86.ActiveCfg = Release|Win32
		{90068FA2-77BD-4153-8AAF-4B406215A8C2}.Release|x86.Build.0 = Release|Win32
		{62EB2D77-B858-4EDF-9854-D210E0E0E9A7}.Debug|x64.ActiveCfg = Debug|x64
		{62EB2D77-B858-4EDF-9854-D210E0E0E9A7}.Debug|x64.Build.0 = Debug|x64
		{62EB2D77-B858-4EDF-9854-D210E0E0E9A7}.Debug|x86.ActiveCfg = Debug|Win32
		{62EB2D77-B858-4EDF-9854-D210E0E0E9A7}.Debug|x86.Build.0 = Debug|Win32
		{62EB2D77-B858-4EDF-9854-D210E0E0E9A7}.Release|x64.ActiveCfg = Release|x64
		{62EB2D77-B858-4EDF-9854-D210E0E0E9A7}.Release|x64.Build.0 = Release|x64
		{62EB2D77-B858-4EDF-9854-D210E0E0E9A7}.Release|x86.ActiveCfg = Release|Win32
		{62EB2D77-B858-4EDF-9854-D210E0E0E9A7}.Release|x86.Build.0 = Release|Win32
		{21D9117D-38F3-4C01-9CFE-CD06B337D9CD}.Debug|x64.ActiveCfg = Debug|x64
		{21D9117D-38F3-4C01-9CFE-CD06B337D9CD}.Debug|x64.Build.0 = Debug|x64
		{21D9117D-38F3-4C01-9CFE-CD06B337D9CD}.Debug|x86.ActiveCfg = Debug|Win32
		{21D9117D-38F3-4C01-9CFE-CD06B337D9CD}.Debug|x86.Build.0 = Debug|Win32
		{21D9117D-38F3-4C01-9CFE-CD06B337D9CD}.Release|x64.ActiveCfg = Release|x64
		{21D9117D-38F3-4C01-9CFE-CD06B337D9CD}.Release|x64.Build.0 = Release|x64
		{21D9117D-38F3-4C01-9CFE-CD06B337D9CD}.Release|x86.ActiveCfg = Release|Win32
		{21D9117D-38F3-4C01-9CFE-CD06B337D9CD}.Release|x86.Build.0 = Release|Win32
		{30AF546C-28CB-4B07-A9C6-CCB08BE09258}.Debug|x64.ActiveCfg = Debug|x64
		{30AF546C-28CB-4B07-A9C6-CCB08BE09258}.Debug|x64.Build.0 = Debug|x64
		{30AF546C-28CB-4B07-A9C6-CCB08BE09258}.Debug|x86.ActiveCfg = Debug|Win32
		{30AF546C-28CB-4B07-A9C6-CCB08BE09258}.Debug|x86.Build.0 = Debug|Win32
		{30AF546C-28CB-4B07-A9C6-CCB08BE09258}.Release|x64.ActiveCfg = Release|x64
		{30AF546C-28CB-4B07-A9C6-CCB08BE09258}.Release|x64.Build.0 = Release|x64
		{30AF546C-28CB-4B07-A9C6-CCB08BE09258}.Release|x86.ActiveCfg = Release|Win32
		{30AF546C-28CB-4B07-A9C6-CCB08BE09258}.Release|x86.Build.0 = Release|Win32
	EndGlobalSection
	GlobalSection(SolutionProperties) = preSolution
		HideSolutionNode = FALSE
	EndGlobalSection
	GlobalSection(NestedProjects) = preSolution
		{22D1391D-7552-44D1-AF2E-D290F491D7CF} = {EF1DEC14-F967-455B-8D89-66769479CE49}
		{7FBF52B4-7D7D-443D-B437-D55912E1607A} = {22D1391D-7552-44D1-AF2E-D290F491D7CF}
		{8381F1CD-DFA7-454F-A6A7-A523D487F4AE} = {22D1391D-7552-44D1-AF2E-D290F491D7CF}
		{4FAFC9AC-CA64-4541-9B0B-75C550EE2386} = {22D1391D-7552-44D1-AF2E-D290F491D7CF}
		{4DD09DD9-4C7E-4256-9882-8F1C30D13C44} = {EF1DEC14-F967-455B-8D89-66769479CE49}
		{44831DF8-62AC-4DBC-B321-20CC50AB77B4} = {4DD09DD9-4C7E-4256-9882-8F1C30D13C44}
		{2B6F55EB-F548-49E0-A614-778EB3927566} = {4DD09DD9-4C7E-4256-9882-8F1C30D13C44}
		{D21AEA1B-2BEB-4B05-90F5-8688A41899DB} = {4DD09DD9-4C7E-4256-9882-8F1C30D13C44}
		{803AAA89-AD13-4710-B019-91CEC91EE41F} = {4DD09DD9-4C7E-4256-9882-8F1C30D13C44}
		{B4193747-8DFE-4D7E-91D3-84B4C07D5F62} = {4DD09DD9-4C7E-4256-9882-8F1C30D13C44}
		{B7426C0D-1617-4FB0-9F7E-B634B76A9CE1} = {4DD09DD9-4C7E-4256-9882-8F1C30D13C44}
		{DD9EE336-3F8B-4881-9796-0238533D194E} = {4DD09DD9-4C7E-4256-9882-8F1C30D13C44}
		{D2361555-5496-434C-9FF2-F05392C52A47} = {4DD09DD9-4C7E-4256-9882-8F1C30D13C44}
		{69680008-39FA-4A6F-A590-77205EF3013D} = {4DD09DD9-4C7E-4256-9882-8F1C30D13C44}
		{53DCD45B-73AB-4D10-8E2F-6DD0F258045B} = {EF1DEC14-F967-455B-8D89-66769479CE49}
		{419CCE1C-A9D6-4F90-A396-E426B899BABA} = {53DCD45B-73AB-4D10-8E2F-6DD0F258045B}
		{AE9F8886-A06F-4381-B326-DD020D43389D} = {EF1DEC14-F967-455B-8D89-66769479CE49}
		{87A5039C-92C4-4E2F-B5A8-BE0478A00FF4} = {AE9F8886-A06F-4381-B326-DD020D43389D}
		{1A9DDE4B-D281-420C-AE49-061543B81A45} = {AE9F8886-A06F-4381-B326-DD020D43389D}
		{DB1CC5E6-9E03-4931-84BF-B57CEC8F382A} = {AE9F8886-A06F-4381-B326-DD020D43389D}
		{13ADF8B6-E035-4203-9131-B89F4F7860A1} = {EF1DEC14-F967-455B-8D89-66769479CE49}
		{1C157E81-8360-4AE6-B7DF-4E11D367F503} = {13ADF8B6-E035-4203-9131-B89F4F7860A1}
		{9DBDB1DE-A630-4E40-BB91-FA82D2879F55} = {13ADF8B6-E035-4203-9131-B89F4F7860A1}
		{90068FA2-77BD-4153-8AAF-4B406215A8C2} = {13ADF8B6-E035-4203-9131-B89F4F7860A1}
		{62EB2D77-B858-4EDF-9854-D210E0E0E9A7} = {13ADF8B6-E035-4203-9131-B89F4F7860A1}
		{DF36494D-91E3-477F-B355-ECA2068721FB} = {EF1DEC14-F967-455B-8D89-66769479CE49}
		{39FBC2C0-D18A-405F-B99A-C49480EE92C2} = {DF36494D-91E3-477F-B355-ECA2068721FB}
		{21D9117D-38F3-4C01-9CFE-CD06B337D9CD} = {39FBC2C0-D18A-405F-B99A-C49480EE92C2}
		{30AF546C-28CB-4B07-A9C6-CCB08BE09258} = {39FBC2C0-D18A-405F-B99A-C49480EE92C2}
	EndGlobalSection
	GlobalSection(ExtensibilityGlobals) = postSolution
		SolutionGuid = {3FCE2B1C-8365-4C02-A2F2-D85906FE870B}
	EndGlobalSection
EndGlobal
